// !$*UTF8*$!
{
	archiveVersion = 1;
	classes = {
	};
	objectVersion = 55;
	objects = {

/* Begin PBXBuildFile section */
		090A5DEA283DB683007C02EC /* AppDelegate.swift in Sources */ = {isa = PBXBuildFile; fileRef = 090A5DE9283DB683007C02EC /* AppDelegate.swift */; };
		090A5DEC283DB683007C02EC /* SceneDelegate.swift in Sources */ = {isa = PBXBuildFile; fileRef = 090A5DEB283DB683007C02EC /* SceneDelegate.swift */; };
		090A5DF1283DB683007C02EC /* Main.storyboard in Resources */ = {isa = PBXBuildFile; fileRef = 090A5DEF283DB683007C02EC /* Main.storyboard */; };
		090A5DF3283DB685007C02EC /* Assets.xcassets in Resources */ = {isa = PBXBuildFile; fileRef = 090A5DF2283DB685007C02EC /* Assets.xcassets */; };
		090A5DF6283DB685007C02EC /* LaunchScreen.storyboard in Resources */ = {isa = PBXBuildFile; fileRef = 090A5DF4283DB685007C02EC /* LaunchScreen.storyboard */; };
		090A5DFF283DBC58007C02EC /* GameTableViewCell.swift in Sources */ = {isa = PBXBuildFile; fileRef = 090A5DFD283DBC58007C02EC /* GameTableViewCell.swift */; };
		090A5E00283DBC58007C02EC /* GameTableViewCell.xib in Resources */ = {isa = PBXBuildFile; fileRef = 090A5DFE283DBC58007C02EC /* GameTableViewCell.xib */; };
		090A5E02283DBF06007C02EC /* Settings.bundle in Resources */ = {isa = PBXBuildFile; fileRef = 090A5E01283DBF06007C02EC /* Settings.bundle */; };
		090A5E082846F5DC007C02EC /* DetailViewController.swift in Sources */ = {isa = PBXBuildFile; fileRef = 090A5E072846F5DC007C02EC /* DetailViewController.swift */; };
		3C0AC54E283DC0F6000589A7 /* HomeViewController.swift in Sources */ = {isa = PBXBuildFile; fileRef = 3C0AC54D283DC0F6000589A7 /* HomeViewController.swift */; };
		3C0AC554283DC120000589A7 /* FavoritesViewController.swift in Sources */ = {isa = PBXBuildFile; fileRef = 3C0AC553283DC120000589A7 /* FavoritesViewController.swift */; };
		3C0AC556283DC12F000589A7 /* TopViewController.swift in Sources */ = {isa = PBXBuildFile; fileRef = 3C0AC555283DC12F000589A7 /* TopViewController.swift */; };
		3C0AC558283DC141000589A7 /* SettingsViewController.swift in Sources */ = {isa = PBXBuildFile; fileRef = 3C0AC557283DC141000589A7 /* SettingsViewController.swift */; };
		50A8CE3B283DC9E40051381A /* Model.swift in Sources */ = {isa = PBXBuildFile; fileRef = 50A8CE3A283DC9E40051381A /* Model.swift */; };
		50A8CE3F284EB1DE0051381A /* SearchViewController.swift in Sources */ = {isa = PBXBuildFile; fileRef = 50A8CE3E284EB1DE0051381A /* SearchViewController.swift */; };
/* End PBXBuildFile section */

/* Begin PBXFileReference section */
		090A5DE6283DB683007C02EC /* condensation.app */ = {isa = PBXFileReference; explicitFileType = wrapper.application; includeInIndex = 0; path = condensation.app; sourceTree = BUILT_PRODUCTS_DIR; };
		090A5DE9283DB683007C02EC /* AppDelegate.swift */ = {isa = PBXFileReference; lastKnownFileType = sourcecode.swift; path = AppDelegate.swift; sourceTree = "<group>"; };
		090A5DEB283DB683007C02EC /* SceneDelegate.swift */ = {isa = PBXFileReference; lastKnownFileType = sourcecode.swift; path = SceneDelegate.swift; sourceTree = "<group>"; };
		090A5DF0283DB683007C02EC /* Base */ = {isa = PBXFileReference; lastKnownFileType = file.storyboard; name = Base; path = Base.lproj/Main.storyboard; sourceTree = "<group>"; };
		090A5DF2283DB685007C02EC /* Assets.xcassets */ = {isa = PBXFileReference; lastKnownFileType = folder.assetcatalog; path = Assets.xcassets; sourceTree = "<group>"; };
		090A5DF5283DB685007C02EC /* Base */ = {isa = PBXFileReference; lastKnownFileType = file.storyboard; name = Base; path = Base.lproj/LaunchScreen.storyboard; sourceTree = "<group>"; };
		090A5DF7283DB685007C02EC /* Info.plist */ = {isa = PBXFileReference; lastKnownFileType = text.plist.xml; path = Info.plist; sourceTree = "<group>"; };
		090A5DFD283DBC58007C02EC /* GameTableViewCell.swift */ = {isa = PBXFileReference; lastKnownFileType = sourcecode.swift; path = GameTableViewCell.swift; sourceTree = "<group>"; };
		090A5DFE283DBC58007C02EC /* GameTableViewCell.xib */ = {isa = PBXFileReference; lastKnownFileType = file.xib; path = GameTableViewCell.xib; sourceTree = "<group>"; };
		090A5E01283DBF06007C02EC /* Settings.bundle */ = {isa = PBXFileReference; lastKnownFileType = "wrapper.plug-in"; path = Settings.bundle; sourceTree = "<group>"; };
		090A5E072846F5DC007C02EC /* DetailViewController.swift */ = {isa = PBXFileReference; lastKnownFileType = sourcecode.swift; path = DetailViewController.swift; sourceTree = "<group>"; };
		3C0AC54D283DC0F6000589A7 /* HomeViewController.swift */ = {isa = PBXFileReference; lastKnownFileType = sourcecode.swift; path = HomeViewController.swift; sourceTree = "<group>"; };
		3C0AC553283DC120000589A7 /* FavoritesViewController.swift */ = {isa = PBXFileReference; lastKnownFileType = sourcecode.swift; path = FavoritesViewController.swift; sourceTree = "<group>"; };
		3C0AC555283DC12F000589A7 /* TopViewController.swift */ = {isa = PBXFileReference; lastKnownFileType = sourcecode.swift; path = TopViewController.swift; sourceTree = "<group>"; };
		3C0AC557283DC141000589A7 /* SettingsViewController.swift */ = {isa = PBXFileReference; lastKnownFileType = sourcecode.swift; path = SettingsViewController.swift; sourceTree = "<group>"; };
		50A8CE3A283DC9E40051381A /* Model.swift */ = {isa = PBXFileReference; lastKnownFileType = sourcecode.swift; path = Model.swift; sourceTree = "<group>"; };
		50A8CE3E284EB1DE0051381A /* SearchViewController.swift */ = {isa = PBXFileReference; lastKnownFileType = sourcecode.swift; path = SearchViewController.swift; sourceTree = "<group>"; };
/* End PBXFileReference section */

/* Begin PBXFrameworksBuildPhase section */
		090A5DE3283DB683007C02EC /* Frameworks */ = {
			isa = PBXFrameworksBuildPhase;
			buildActionMask = 2147483647;
			files = (
			);
			runOnlyForDeploymentPostprocessing = 0;
		};
/* End PBXFrameworksBuildPhase section */

/* Begin PBXGroup section */
		090A5DDD283DB683007C02EC = {
			isa = PBXGroup;
			children = (
				090A5DE8283DB683007C02EC /* condensation */,
				090A5DE7283DB683007C02EC /* Products */,
			);
			sourceTree = "<group>";
		};
		090A5DE7283DB683007C02EC /* Products */ = {
			isa = PBXGroup;
			children = (
				090A5DE6283DB683007C02EC /* condensation.app */,
			);
			name = Products;
			sourceTree = "<group>";
		};
		090A5DE8283DB683007C02EC /* condensation */ = {
			isa = PBXGroup;
			children = (
				090A5DE9283DB683007C02EC /* AppDelegate.swift */,
				090A5DEB283DB683007C02EC /* SceneDelegate.swift */,
				090A5DEF283DB683007C02EC /* Main.storyboard */,
				090A5DFD283DBC58007C02EC /* GameTableViewCell.swift */,
				090A5DFE283DBC58007C02EC /* GameTableViewCell.xib */,
				090A5DF2283DB685007C02EC /* Assets.xcassets */,
				090A5DF4283DB685007C02EC /* LaunchScreen.storyboard */,
				090A5DF7283DB685007C02EC /* Info.plist */,
				090A5E01283DBF06007C02EC /* Settings.bundle */,
				3C0AC54D283DC0F6000589A7 /* HomeViewController.swift */,
				090A5E072846F5DC007C02EC /* DetailViewController.swift */,
				3C0AC553283DC120000589A7 /* FavoritesViewController.swift */,
				3C0AC555283DC12F000589A7 /* TopViewController.swift */,
				3C0AC557283DC141000589A7 /* SettingsViewController.swift */,
				50A8CE3A283DC9E40051381A /* Model.swift */,
				50A8CE3E284EB1DE0051381A /* SearchViewController.swift */,
			);
			path = condensation;
			sourceTree = "<group>";
		};
/* End PBXGroup section */

/* Begin PBXNativeTarget section */
		090A5DE5283DB683007C02EC /* condensation */ = {
			isa = PBXNativeTarget;
			buildConfigurationList = 090A5DFA283DB685007C02EC /* Build configuration list for PBXNativeTarget "condensation" */;
			buildPhases = (
				090A5DE2283DB683007C02EC /* Sources */,
				090A5DE3283DB683007C02EC /* Frameworks */,
				090A5DE4283DB683007C02EC /* Resources */,
			);
			buildRules = (
			);
			dependencies = (
			);
			name = condensation;
			productName = condensation;
			productReference = 090A5DE6283DB683007C02EC /* condensation.app */;
			productType = "com.apple.product-type.application";
		};
/* End PBXNativeTarget section */

/* Begin PBXProject section */
		090A5DDE283DB683007C02EC /* Project object */ = {
			isa = PBXProject;
			attributes = {
				BuildIndependentTargetsInParallel = 1;
				LastSwiftUpdateCheck = 1340;
				LastUpgradeCheck = 1340;
				TargetAttributes = {
					090A5DE5283DB683007C02EC = {
						CreatedOnToolsVersion = 13.4;
					};
				};
			};
			buildConfigurationList = 090A5DE1283DB683007C02EC /* Build configuration list for PBXProject "condensation" */;
			compatibilityVersion = "Xcode 13.0";
			developmentRegion = en;
			hasScannedForEncodings = 0;
			knownRegions = (
				en,
				Base,
			);
			mainGroup = 090A5DDD283DB683007C02EC;
			productRefGroup = 090A5DE7283DB683007C02EC /* Products */;
			projectDirPath = "";
			projectRoot = "";
			targets = (
				090A5DE5283DB683007C02EC /* condensation */,
			);
		};
/* End PBXProject section */

/* Begin PBXResourcesBuildPhase section */
		090A5DE4283DB683007C02EC /* Resources */ = {
			isa = PBXResourcesBuildPhase;
			buildActionMask = 2147483647;
			files = (
				090A5E00283DBC58007C02EC /* GameTableViewCell.xib in Resources */,
				090A5DF6283DB685007C02EC /* LaunchScreen.storyboard in Resources */,
				090A5E02283DBF06007C02EC /* Settings.bundle in Resources */,
				090A5DF3283DB685007C02EC /* Assets.xcassets in Resources */,
				090A5DF1283DB683007C02EC /* Main.storyboard in Resources */,
			);
			runOnlyForDeploymentPostprocessing = 0;
		};
/* End PBXResourcesBuildPhase section */

/* Begin PBXSourcesBuildPhase section */
		090A5DE2283DB683007C02EC /* Sources */ = {
			isa = PBXSourcesBuildPhase;
			buildActionMask = 2147483647;
			files = (
				50A8CE3F284EB1DE0051381A /* SearchViewController.swift in Sources */,
				50A8CE3B283DC9E40051381A /* Model.swift in Sources */,
				3C0AC54E283DC0F6000589A7 /* HomeViewController.swift in Sources */,
				090A5DFF283DBC58007C02EC /* GameTableViewCell.swift in Sources */,
				3C0AC554283DC120000589A7 /* FavoritesViewController.swift in Sources */,
				3C0AC556283DC12F000589A7 /* TopViewController.swift in Sources */,
				090A5DEA283DB683007C02EC /* AppDelegate.swift in Sources */,
				090A5E082846F5DC007C02EC /* DetailViewController.swift in Sources */,
				090A5DEC283DB683007C02EC /* SceneDelegate.swift in Sources */,
				3C0AC558283DC141000589A7 /* SettingsViewController.swift in Sources */,
			);
			runOnlyForDeploymentPostprocessing = 0;
		};
/* End PBXSourcesBuildPhase section */

/* Begin PBXVariantGroup section */
		090A5DEF283DB683007C02EC /* Main.storyboard */ = {
			isa = PBXVariantGroup;
			children = (
				090A5DF0283DB683007C02EC /* Base */,
			);
			name = Main.storyboard;
			sourceTree = "<group>";
		};
		090A5DF4283DB685007C02EC /* LaunchScreen.storyboard */ = {
			isa = PBXVariantGroup;
			children = (
				090A5DF5283DB685007C02EC /* Base */,
			);
			name = LaunchScreen.storyboard;
			sourceTree = "<group>";
		};
/* End PBXVariantGroup section */

/* Begin XCBuildConfiguration section */
		090A5DF8283DB685007C02EC /* Debug */ = {
			isa = XCBuildConfiguration;
			buildSettings = {
				ALWAYS_SEARCH_USER_PATHS = NO;
				CLANG_ANALYZER_NONNULL = YES;
				CLANG_ANALYZER_NUMBER_OBJECT_CONVERSION = YES_AGGRESSIVE;
				CLANG_CXX_LANGUAGE_STANDARD = "gnu++17";
				CLANG_ENABLE_MODULES = YES;
				CLANG_ENABLE_OBJC_ARC = YES;
				CLANG_ENABLE_OBJC_WEAK = YES;
				CLANG_WARN_BLOCK_CAPTURE_AUTORELEASING = YES;
				CLANG_WARN_BOOL_CONVERSION = YES;
				CLANG_WARN_COMMA = YES;
				CLANG_WARN_CONSTANT_CONVERSION = YES;
				CLANG_WARN_DEPRECATED_OBJC_IMPLEMENTATIONS = YES;
				CLANG_WARN_DIRECT_OBJC_ISA_USAGE = YES_ERROR;
				CLANG_WARN_DOCUMENTATION_COMMENTS = YES;
				CLANG_WARN_EMPTY_BODY = YES;
				CLANG_WARN_ENUM_CONVERSION = YES;
				CLANG_WARN_INFINITE_RECURSION = YES;
				CLANG_WARN_INT_CONVERSION = YES;
				CLANG_WARN_NON_LITERAL_NULL_CONVERSION = YES;
				CLANG_WARN_OBJC_IMPLICIT_RETAIN_SELF = YES;
				CLANG_WARN_OBJC_LITERAL_CONVERSION = YES;
				CLANG_WARN_OBJC_ROOT_CLASS = YES_ERROR;
				CLANG_WARN_QUOTED_INCLUDE_IN_FRAMEWORK_HEADER = YES;
				CLANG_WARN_RANGE_LOOP_ANALYSIS = YES;
				CLANG_WARN_STRICT_PROTOTYPES = YES;
				CLANG_WARN_SUSPICIOUS_MOVE = YES;
				CLANG_WARN_UNGUARDED_AVAILABILITY = YES_AGGRESSIVE;
				CLANG_WARN_UNREACHABLE_CODE = YES;
				CLANG_WARN__DUPLICATE_METHOD_MATCH = YES;
				COPY_PHASE_STRIP = NO;
				DEBUG_INFORMATION_FORMAT = dwarf;
				ENABLE_STRICT_OBJC_MSGSEND = YES;
				ENABLE_TESTABILITY = YES;
				GCC_C_LANGUAGE_STANDARD = gnu11;
				GCC_DYNAMIC_NO_PIC = NO;
				GCC_NO_COMMON_BLOCKS = YES;
				GCC_OPTIMIZATION_LEVEL = 0;
				GCC_PREPROCESSOR_DEFINITIONS = (
					"DEBUG=1",
					"$(inherited)",
				);
				GCC_WARN_64_TO_32_BIT_CONVERSION = YES;
				GCC_WARN_ABOUT_RETURN_TYPE = YES_ERROR;
				GCC_WARN_UNDECLARED_SELECTOR = YES;
				GCC_WARN_UNINITIALIZED_AUTOS = YES_AGGRESSIVE;
				GCC_WARN_UNUSED_FUNCTION = YES;
				GCC_WARN_UNUSED_VARIABLE = YES;
				IPHONEOS_DEPLOYMENT_TARGET = 15.5;
				MTL_ENABLE_DEBUG_INFO = INCLUDE_SOURCE;
				MTL_FAST_MATH = YES;
				ONLY_ACTIVE_ARCH = YES;
				SDKROOT = iphoneos;
				SWIFT_ACTIVE_COMPILATION_CONDITIONS = DEBUG;
				SWIFT_OPTIMIZATION_LEVEL = "-Onone";
			};
			name = Debug;
		};
		090A5DF9283DB685007C02EC /* Release */ = {
			isa = XCBuildConfiguration;
			buildSettings = {
				ALWAYS_SEARCH_USER_PATHS = NO;
				CLANG_ANALYZER_NONNULL = YES;
				CLANG_ANALYZER_NUMBER_OBJECT_CONVERSION = YES_AGGRESSIVE;
				CLANG_CXX_LANGUAGE_STANDARD = "gnu++17";
				CLANG_ENABLE_MODULES = YES;
				CLANG_ENABLE_OBJC_ARC = YES;
				CLANG_ENABLE_OBJC_WEAK = YES;
				CLANG_WARN_BLOCK_CAPTURE_AUTORELEASING = YES;
				CLANG_WARN_BOOL_CONVERSION = YES;
				CLANG_WARN_COMMA = YES;
				CLANG_WARN_CONSTANT_CONVERSION = YES;
				CLANG_WARN_DEPRECATED_OBJC_IMPLEMENTATIONS = YES;
				CLANG_WARN_DIRECT_OBJC_ISA_USAGE = YES_ERROR;
				CLANG_WARN_DOCUMENTATION_COMMENTS = YES;
				CLANG_WARN_EMPTY_BODY = YES;
				CLANG_WARN_ENUM_CONVERSION = YES;
				CLANG_WARN_INFINITE_RECURSION = YES;
				CLANG_WARN_INT_CONVERSION = YES;
				CLANG_WARN_NON_LITERAL_NULL_CONVERSION = YES;
				CLANG_WARN_OBJC_IMPLICIT_RETAIN_SELF = YES;
				CLANG_WARN_OBJC_LITERAL_CONVERSION = YES;
				CLANG_WARN_OBJC_ROOT_CLASS = YES_ERROR;
				CLANG_WARN_QUOTED_INCLUDE_IN_FRAMEWORK_HEADER = YES;
				CLANG_WARN_RANGE_LOOP_ANALYSIS = YES;
				CLANG_WARN_STRICT_PROTOTYPES = YES;
				CLANG_WARN_SUSPICIOUS_MOVE = YES;
				CLANG_WARN_UNGUARDED_AVAILABILITY = YES_AGGRESSIVE;
				CLANG_WARN_UNREACHABLE_CODE = YES;
				CLANG_WARN__DUPLICATE_METHOD_MATCH = YES;
				COPY_PHASE_STRIP = NO;
				DEBUG_INFORMATION_FORMAT = "dwarf-with-dsym";
				ENABLE_NS_ASSERTIONS = NO;
				ENABLE_STRICT_OBJC_MSGSEND = YES;
				GCC_C_LANGUAGE_STANDARD = gnu11;
				GCC_NO_COMMON_BLOCKS = YES;
				GCC_WARN_64_TO_32_BIT_CONVERSION = YES;
				GCC_WARN_ABOUT_RETURN_TYPE = YES_ERROR;
				GCC_WARN_UNDECLARED_SELECTOR = YES;
				GCC_WARN_UNINITIALIZED_AUTOS = YES_AGGRESSIVE;
				GCC_WARN_UNUSED_FUNCTION = YES;
				GCC_WARN_UNUSED_VARIABLE = YES;
				IPHONEOS_DEPLOYMENT_TARGET = 15.5;
				MTL_ENABLE_DEBUG_INFO = NO;
				MTL_FAST_MATH = YES;
				SDKROOT = iphoneos;
				SWIFT_COMPILATION_MODE = wholemodule;
				SWIFT_OPTIMIZATION_LEVEL = "-O";
				VALIDATE_PRODUCT = YES;
			};
			name = Release;
		};
		090A5DFB283DB685007C02EC /* Debug */ = {
			isa = XCBuildConfiguration;
			buildSettings = {
				ASSETCATALOG_COMPILER_APPICON_NAME = AppIcon;
				ASSETCATALOG_COMPILER_GLOBAL_ACCENT_COLOR_NAME = AccentColor;
				CODE_SIGN_STYLE = Automatic;
				CURRENT_PROJECT_VERSION = 1;
				DEVELOPMENT_TEAM = MJRU89VM8S;
				GENERATE_INFOPLIST_FILE = YES;
				INFOPLIST_FILE = condensation/Info.plist;
				INFOPLIST_KEY_UIApplicationSupportsIndirectInputEvents = YES;
				INFOPLIST_KEY_UILaunchStoryboardName = LaunchScreen;
				INFOPLIST_KEY_UIMainStoryboardFile = Main;
				INFOPLIST_KEY_UISupportedInterfaceOrientations_iPad = "UIInterfaceOrientationPortrait UIInterfaceOrientationPortraitUpsideDown UIInterfaceOrientationLandscapeLeft UIInterfaceOrientationLandscapeRight";
				INFOPLIST_KEY_UISupportedInterfaceOrientations_iPhone = "UIInterfaceOrientationPortrait UIInterfaceOrientationLandscapeLeft UIInterfaceOrientationLandscapeRight";
				IPHONEOS_DEPLOYMENT_TARGET = 15.2;
				LD_RUNPATH_SEARCH_PATHS = (
					"$(inherited)",
					"@executable_path/Frameworks",
				);
				MARKETING_VERSION = 1.0;
				PRODUCT_BUNDLE_IDENTIFIER = "info449.yilin-chen.a1.condensation";
				PRODUCT_NAME = "$(TARGET_NAME)";
				SWIFT_EMIT_LOC_STRINGS = YES;
				SWIFT_VERSION = 5.0;
				TARGETED_DEVICE_FAMILY = "1,2";
			};
			name = Debug;
		};
		090A5DFC283DB685007C02EC /* Release */ = {
			isa = XCBuildConfiguration;
			buildSettings = {
				ASSETCATALOG_COMPILER_APPICON_NAME = AppIcon;
				ASSETCATALOG_COMPILER_GLOBAL_ACCENT_COLOR_NAME = AccentColor;
				CODE_SIGN_STYLE = Automatic;
				CURRENT_PROJECT_VERSION = 1;
				DEVELOPMENT_TEAM = MJRU89VM8S;
				GENERATE_INFOPLIST_FILE = YES;
				INFOPLIST_FILE = condensation/Info.plist;
				INFOPLIST_KEY_UIApplicationSupportsIndirectInputEvents = YES;
				INFOPLIST_KEY_UILaunchStoryboardName = LaunchScreen;
				INFOPLIST_KEY_UIMainStoryboardFile = Main;
				INFOPLIST_KEY_UISupportedInterfaceOrientations_iPad = "UIInterfaceOrientationPortrait UIInterfaceOrientationPortraitUpsideDown UIInterfaceOrientationLandscapeLeft UIInterfaceOrientationLandscapeRight";
				INFOPLIST_KEY_UISupportedInterfaceOrientations_iPhone = "UIInterfaceOrientationPortrait UIInterfaceOrientationLandscapeLeft UIInterfaceOrientationLandscapeRight";
				IPHONEOS_DEPLOYMENT_TARGET = 15.2;
				LD_RUNPATH_SEARCH_PATHS = (
					"$(inherited)",
					"@executable_path/Frameworks",
				);
				MARKETING_VERSION = 1.0;
				PRODUCT_BUNDLE_IDENTIFIER = "info449.yilin-chen.a1.condensation";
				PRODUCT_NAME = "$(TARGET_NAME)";
				SWIFT_EMIT_LOC_STRINGS = YES;
				SWIFT_VERSION = 5.0;
				TARGETED_DEVICE_FAMILY = "1,2";
			};
			name = Release;
		};
/* End XCBuildConfiguration section */

/* Begin XCConfigurationList section */
		090A5DE1283DB683007C02EC /* Build configuration list for PBXProject "condensation" */ = {
			isa = XCConfigurationList;
			buildConfigurations = (
				090A5DF8283DB685007C02EC /* Debug */,
				090A5DF9283DB685007C02EC /* Release */,
			);
			defaultConfigurationIsVisible = 0;
			defaultConfigurationName = Release;
		};
		090A5DFA283DB685007C02EC /* Build configuration list for PBXNativeTarget "condensation" */ = {
			isa = XCConfigurationList;
			buildConfigurations = (
				090A5DFB283DB685007C02EC /* Debug */,
				090A5DFC283DB685007C02EC /* Release */,
			);
			defaultConfigurationIsVisible = 0;
			defaultConfigurationName = Release;
		};
/* End XCConfigurationList section */
	};
	rootObject = 090A5DDE283DB683007C02EC /* Project object */;
}
